
Microsoft Visual Studio Solution File, Format Version 12.00
# Visual Studio Version 16
VisualStudioVersion = 16.0.30114.105
MinimumVisualStudioVersion = 10.0.40219.1
Project("{F2A71F9B-5D33-465A-A702-920D77279786}") = "FsExcel", "FsExcel\FsExcel.fsproj", "{668E25F6-8163-4461-8562-2508994DCB19}"
EndProject
Global
	GlobalSection(SolutionConfigurationPlatforms) = preSolution
		Debug|Any CPU = Debug|Any CPU
		Release|Any CPU = Release|Any CPU
	EndGlobalSection
	GlobalSection(SolutionProperties) = preSolution
		HideSolutionNode = FALSE
	EndGlobalSection
	GlobalSection(ProjectConfigurationPlatforms) = postSolution
		{668E25F6-8163-4461-8562-2508994DCB19}.Debug|Any CPU.ActiveCfg = Debug|Any CPU
		{668E25F6-8163-4461-8562-2508994DCB19}.Debug|Any CPU.Build.0 = Debug|Any CPU
		{668E25F6-8163-4461-8562-2508994DCB19}.Release|Any CPU.ActiveCfg = Release|Any CPU
		{668E25F6-8163-4461-8562-2508994DCB19}.Release|Any CPU.Build.0 = Release|Any CPU
	EndGlobalSection
EndGlobal
